
Microsoft Visual Studio Solution File, Format Version 12.00
# Visual Studio 15
VisualStudioVersion = 15.0.27703.2000
MinimumVisualStudioVersion = 10.0.40219.1
Project("{FAE04EC0-301F-11D3-BF4B-00C04F79EFBC}") = "Cliente", "Cliente\Cliente.csproj", "{D87CF817-9F0C-41C4-AE0A-669F7A672A6A}"
EndProject
Project("{FAE04EC0-301F-11D3-BF4B-00C04F79EFBC}") = "Servidor", "Servidor\Servidor.csproj", "{68417CE1-FF91-48B5-B189-0E916607CC4F}"
EndProject
Global
	GlobalSection(SolutionConfigurationPlatforms) = preSolution
		Debug|Any CPU = Debug|Any CPU
		Release|Any CPU = Release|Any CPU
	EndGlobalSection
	GlobalSection(ProjectConfigurationPlatforms) = postSolution
		{D87CF817-9F0C-41C4-AE0A-669F7A672A6A}.Debug|Any CPU.ActiveCfg = Debug|Any CPU
		{D87CF817-9F0C-41C4-AE0A-669F7A672A6A}.Debug|Any CPU.Build.0 = Debug|Any CPU
		{D87CF817-9F0C-41C4-AE0A-669F7A672A6A}.Release|Any CPU.ActiveCfg = Release|Any CPU
		{D87CF817-9F0C-41C4-AE0A-669F7A672A6A}.Release|Any CPU.Build.0 = Release|Any CPU
		{68417CE1-FF91-48B5-B189-0E916607CC4F}.Debug|Any CPU.ActiveCfg = Debug|Any CPU
		{68417CE1-FF91-48B5-B189-0E916607CC4F}.Debug|Any CPU.Build.0 = Debug|Any CPU
		{68417CE1-FF91-48B5-B189-0E916607CC4F}.Release|Any CPU.ActiveCfg = Release|Any CPU
		{68417CE1-FF91-48B5-B189-0E916607CC4F}.Release|Any CPU.Build.0 = Release|Any CPU
	EndGlobalSection
	GlobalSection(SolutionProperties) = preSolution
		HideSolutionNode = FALSE
	EndGlobalSection
	GlobalSection(ExtensibilityGlobals) = postSolution
		SolutionGuid = {27C2C7FC-2CA5-4071-A367-E1EA0F957A0B}
	EndGlobalSection
EndGlobal
